
Microsoft Visual Studio Solution File, Format Version 12.00
# Visual Studio Version 16
VisualStudioVersion = 16.0.29905.134
MinimumVisualStudioVersion = 10.0.40219.1
Project("{9A19103F-16F7-4668-BE54-9A1E7A4F7556}") = "Test", "Test\Test.csproj", "{DCE60193-4226-468F-940E-F85F0817495D}"
EndProject
Project("{FAE04EC0-301F-11D3-BF4B-00C04F79EFBC}") = "OnlineStore", "OnlineStore\OnlineStore.csproj", "{3FD58B10-E92C-4ACB-A275-F4D15F4401D5}"
EndProject
Project("{FAE04EC0-301F-11D3-BF4B-00C04F79EFBC}") = "TestAuthentication", "TestAuthentication\TestAuthentication.csproj", "{8D41B8E9-53F5-4A09-8AA2-81FB771423E2}"
EndProject
Global
	GlobalSection(SolutionConfigurationPlatforms) = preSolution
		Debug|Any CPU = Debug|Any CPU
		Release|Any CPU = Release|Any CPU
	EndGlobalSection
	GlobalSection(ProjectConfigurationPlatforms) = postSolution
		{DCE60193-4226-468F-940E-F85F0817495D}.Debug|Any CPU.ActiveCfg = Debug|Any CPU
		{DCE60193-4226-468F-940E-F85F0817495D}.Debug|Any CPU.Build.0 = Debug|Any CPU
		{DCE60193-4226-468F-940E-F85F0817495D}.Release|Any CPU.ActiveCfg = Release|Any CPU
		{DCE60193-4226-468F-940E-F85F0817495D}.Release|Any CPU.Build.0 = Release|Any CPU
		{3FD58B10-E92C-4ACB-A275-F4D15F4401D5}.Debug|Any CPU.ActiveCfg = Debug|Any CPU
		{3FD58B10-E92C-4ACB-A275-F4D15F4401D5}.Debug|Any CPU.Build.0 = Debug|Any CPU
		{3FD58B10-E92C-4ACB-A275-F4D15F4401D5}.Release|Any CPU.ActiveCfg = Release|Any CPU
		{3FD58B10-E92C-4ACB-A275-F4D15F4401D5}.Release|Any CPU.Build.0 = Release|Any CPU
		{8D41B8E9-53F5-4A09-8AA2-81FB771423E2}.Debug|Any CPU.ActiveCfg = Debug|Any CPU
		{8D41B8E9-53F5-4A09-8AA2-81FB771423E2}.Debug|Any CPU.Build.0 = Debug|Any CPU
		{8D41B8E9-53F5-4A09-8AA2-81FB771423E2}.Release|Any CPU.ActiveCfg = Release|Any CPU
		{8D41B8E9-53F5-4A09-8AA2-81FB771423E2}.Release|Any CPU.Build.0 = Release|Any CPU
	EndGlobalSection
	GlobalSection(SolutionProperties) = preSolution
		HideSolutionNode = FALSE
	EndGlobalSection
	GlobalSection(ExtensibilityGlobals) = postSolution
		SolutionGuid = {DDE3ECC4-0E33-49E9-9B98-292EB125C536}
	EndGlobalSection
EndGlobal
